
Microsoft Visual Studio Solution File, Format Version 12.00
# Visual Studio Version 17
VisualStudioVersion = 17.1.32210.238
MinimumVisualStudioVersion = 10.0.40219.1
Project("{9A19103F-16F7-4668-BE54-9A1E7A4F7556}") = "Rookie.CustomerSite", "Rookie.CustomerSite\Rookie.CustomerSite.csproj", "{4555507F-5C30-4494-92E5-1245B8127D44}"
EndProject
Project("{9A19103F-16F7-4668-BE54-9A1E7A4F7556}") = "RookieShop.Shared", "RookieShop.Shared\RookieShop.Shared.csproj", "{2E0EB382-9A8F-4BCF-9792-5B21EFC727E0}"
EndProject
Project("{9A19103F-16F7-4668-BE54-9A1E7A4F7556}") = "RookieShop.Backend", "RookieShop.Backend\RookieShop.Backend.csproj", "{441762FD-CD84-40A9-8C0D-C2E27DF9E026}"
EndProject
Project("{FAE04EC0-301F-11D3-BF4B-00C04F79EFBC}") = "RookieShop.Data", "RookieShop.Data\RookieShop.Data.csproj", "{2CFCEC28-364E-4ADB-B5A9-5B0D80DC880D}"
EndProject
Global
	GlobalSection(SolutionConfigurationPlatforms) = preSolution
		Debug|Any CPU = Debug|Any CPU
		Release|Any CPU = Release|Any CPU
	EndGlobalSection
	GlobalSection(ProjectConfigurationPlatforms) = postSolution
		{4555507F-5C30-4494-92E5-1245B8127D44}.Debug|Any CPU.ActiveCfg = Debug|Any CPU
		{4555507F-5C30-4494-92E5-1245B8127D44}.Debug|Any CPU.Build.0 = Debug|Any CPU
		{4555507F-5C30-4494-92E5-1245B8127D44}.Release|Any CPU.ActiveCfg = Release|Any CPU
		{4555507F-5C30-4494-92E5-1245B8127D44}.Release|Any CPU.Build.0 = Release|Any CPU
		{2E0EB382-9A8F-4BCF-9792-5B21EFC727E0}.Debug|Any CPU.ActiveCfg = Debug|Any CPU
		{2E0EB382-9A8F-4BCF-9792-5B21EFC727E0}.Debug|Any CPU.Build.0 = Debug|Any CPU
		{2E0EB382-9A8F-4BCF-9792-5B21EFC727E0}.Release|Any CPU.ActiveCfg = Release|Any CPU
		{2E0EB382-9A8F-4BCF-9792-5B21EFC727E0}.Release|Any CPU.Build.0 = Release|Any CPU
		{441762FD-CD84-40A9-8C0D-C2E27DF9E026}.Debug|Any CPU.ActiveCfg = Debug|Any CPU
		{441762FD-CD84-40A9-8C0D-C2E27DF9E026}.Debug|Any CPU.Build.0 = Debug|Any CPU
		{441762FD-CD84-40A9-8C0D-C2E27DF9E026}.Release|Any CPU.ActiveCfg = Release|Any CPU
		{441762FD-CD84-40A9-8C0D-C2E27DF9E026}.Release|Any CPU.Build.0 = Release|Any CPU
		{2CFCEC28-364E-4ADB-B5A9-5B0D80DC880D}.Debug|Any CPU.ActiveCfg = Debug|Any CPU
		{2CFCEC28-364E-4ADB-B5A9-5B0D80DC880D}.Debug|Any CPU.Build.0 = Debug|Any CPU
		{2CFCEC28-364E-4ADB-B5A9-5B0D80DC880D}.Release|Any CPU.ActiveCfg = Release|Any CPU
		{2CFCEC28-364E-4ADB-B5A9-5B0D80DC880D}.Release|Any CPU.Build.0 = Release|Any CPU
	EndGlobalSection
	GlobalSection(SolutionProperties) = preSolution
		HideSolutionNode = FALSE
	EndGlobalSection
	GlobalSection(ExtensibilityGlobals) = postSolution
		SolutionGuid = {81821973-6401-4C74-9084-492465D117F2}
	EndGlobalSection
EndGlobal
